
Microsoft Visual Studio Solution File, Format Version 12.00
# Visual Studio Version 17
VisualStudioVersion = 17.2.32526.322
MinimumVisualStudioVersion = 10.0.40219.1
Project("{9A19103F-16F7-4668-BE54-9A1E7A4F7556}") = "LRMS", "LRMS\LRMS.csproj", "{09FF660E-EC23-4BEB-9DB6-EE8F7B795406}"
EndProject
Project("{9A19103F-16F7-4668-BE54-9A1E7A4F7556}") = "Core", "Core\Core.csproj", "{7761C8E7-1255-4A88-893E-7107214B0B1C}"
EndProject
Project("{9A19103F-16F7-4668-BE54-9A1E7A4F7556}") = "Entities", "Entities\Entities.csproj", "{06D2C3E6-2C5E-4795-A908-D705DCAFD699}"
EndProject
Project("{9A19103F-16F7-4668-BE54-9A1E7A4F7556}") = "DataAccess", "DataAccess\DataAccess.csproj", "{51635980-2751-4EEA-B667-C8A3DFF9C0EF}"
EndProject
Project("{9A19103F-16F7-4668-BE54-9A1E7A4F7556}") = "Business", "Business\Business.csproj", "{7578C015-1B26-4530-9003-39749451B0C2}"
EndProject
Project("{9A19103F-16F7-4668-BE54-9A1E7A4F7556}") = "LRMS_Test", "LRMS_Test\LRMS_Test.csproj", "{0D043839-7E3B-4E82-9994-FD924B2F46EE}"
EndProject
Project("{FAE04EC0-301F-11D3-BF4B-00C04F79EFBC}") = "CLI", "CLI\CLI.csproj", "{D61276A6-6918-4377-877A-E9CBCB7E1E6B}"
EndProject
Global
	GlobalSection(SolutionConfigurationPlatforms) = preSolution
		Debug|Any CPU = Debug|Any CPU
		Debug|x64 = Debug|x64
		Release|Any CPU = Release|Any CPU
		Release|x64 = Release|x64
	EndGlobalSection
	GlobalSection(ProjectConfigurationPlatforms) = postSolution
		{09FF660E-EC23-4BEB-9DB6-EE8F7B795406}.Debug|Any CPU.ActiveCfg = Debug|Any CPU
		{09FF660E-EC23-4BEB-9DB6-EE8F7B795406}.Debug|Any CPU.Build.0 = Debug|Any CPU
		{09FF660E-EC23-4BEB-9DB6-EE8F7B795406}.Debug|x64.ActiveCfg = Debug|x64
		{09FF660E-EC23-4BEB-9DB6-EE8F7B795406}.Debug|x64.Build.0 = Debug|x64
		{09FF660E-EC23-4BEB-9DB6-EE8F7B795406}.Release|Any CPU.ActiveCfg = Release|Any CPU
		{09FF660E-EC23-4BEB-9DB6-EE8F7B795406}.Release|Any CPU.Build.0 = Release|Any CPU
		{09FF660E-EC23-4BEB-9DB6-EE8F7B795406}.Release|x64.ActiveCfg = Release|x64
		{09FF660E-EC23-4BEB-9DB6-EE8F7B795406}.Release|x64.Build.0 = Release|x64
		{7761C8E7-1255-4A88-893E-7107214B0B1C}.Debug|Any CPU.ActiveCfg = Debug|Any CPU
		{7761C8E7-1255-4A88-893E-7107214B0B1C}.Debug|Any CPU.Build.0 = Debug|Any CPU
		{7761C8E7-1255-4A88-893E-7107214B0B1C}.Debug|x64.ActiveCfg = Debug|x64
		{7761C8E7-1255-4A88-893E-7107214B0B1C}.Debug|x64.Build.0 = Debug|x64
		{7761C8E7-1255-4A88-893E-7107214B0B1C}.Release|Any CPU.ActiveCfg = Release|Any CPU
		{7761C8E7-1255-4A88-893E-7107214B0B1C}.Release|Any CPU.Build.0 = Release|Any CPU
		{7761C8E7-1255-4A88-893E-7107214B0B1C}.Release|x64.ActiveCfg = Release|x64
		{7761C8E7-1255-4A88-893E-7107214B0B1C}.Release|x64.Build.0 = Release|x64
		{06D2C3E6-2C5E-4795-A908-D705DCAFD699}.Debug|Any CPU.ActiveCfg = Debug|Any CPU
		{06D2C3E6-2C5E-4795-A908-D705DCAFD699}.Debug|Any CPU.Build.0 = Debug|Any CPU
		{06D2C3E6-2C5E-4795-A908-D705DCAFD699}.Debug|x64.ActiveCfg = Debug|x64
		{06D2C3E6-2C5E-4795-A908-D705DCAFD699}.Debug|x64.Build.0 = Debug|x64
		{06D2C3E6-2C5E-4795-A908-D705DCAFD699}.Release|Any CPU.ActiveCfg = Release|Any CPU
		{06D2C3E6-2C5E-4795-A908-D705DCAFD699}.Release|Any CPU.Build.0 = Release|Any CPU
		{06D2C3E6-2C5E-4795-A908-D705DCAFD699}.Release|x64.ActiveCfg = Release|x64
		{06D2C3E6-2C5E-4795-A908-D705DCAFD699}.Release|x64.Build.0 = Release|x64
		{51635980-2751-4EEA-B667-C8A3DFF9C0EF}.Debug|Any CPU.ActiveCfg = Debug|Any CPU
		{51635980-2751-4EEA-B667-C8A3DFF9C0EF}.Debug|Any CPU.Build.0 = Debug|Any CPU
		{51635980-2751-4EEA-B667-C8A3DFF9C0EF}.Debug|x64.ActiveCfg = Debug|x64
		{51635980-2751-4EEA-B667-C8A3DFF9C0EF}.Debug|x64.Build.0 = Debug|x64
		{51635980-2751-4EEA-B667-C8A3DFF9C0EF}.Release|Any CPU.ActiveCfg = Release|Any CPU
		{51635980-2751-4EEA-B667-C8A3DFF9C0EF}.Release|Any CPU.Build.0 = Release|Any CPU
		{51635980-2751-4EEA-B667-C8A3DFF9C0EF}.Release|x64.ActiveCfg = Release|x64
		{51635980-2751-4EEA-B667-C8A3DFF9C0EF}.Release|x64.Build.0 = Release|x64
		{7578C015-1B26-4530-9003-39749451B0C2}.Debug|Any CPU.ActiveCfg = Debug|Any CPU
		{7578C015-1B26-4530-9003-39749451B0C2}.Debug|Any CPU.Build.0 = Debug|Any CPU
		{7578C015-1B26-4530-9003-39749451B0C2}.Debug|x64.ActiveCfg = Debug|x64
		{7578C015-1B26-4530-9003-39749451B0C2}.Debug|x64.Build.0 = Debug|x64
		{7578C015-1B26-4530-9003-39749451B0C2}.Release|Any CPU.ActiveCfg = Release|Any CPU
		{7578C015-1B26-4530-9003-39749451B0C2}.Release|Any CPU.Build.0 = Release|Any CPU
		{7578C015-1B26-4530-9003-39749451B0C2}.Release|x64.ActiveCfg = Release|x64
		{7578C015-1B26-4530-9003-39749451B0C2}.Release|x64.Build.0 = Release|x64
		{0D043839-7E3B-4E82-9994-FD924B2F46EE}.Debug|Any CPU.ActiveCfg = Debug|Any CPU
		{0D043839-7E3B-4E82-9994-FD924B2F46EE}.Debug|Any CPU.Build.0 = Debug|Any CPU
		{0D043839-7E3B-4E82-9994-FD924B2F46EE}.Debug|x64.ActiveCfg = Debug|Any CPU
		{0D043839-7E3B-4E82-9994-FD924B2F46EE}.Debug|x64.Build.0 = Debug|Any CPU
		{0D043839-7E3B-4E82-9994-FD924B2F46EE}.Release|Any CPU.ActiveCfg = Release|Any CPU
		{0D043839-7E3B-4E82-9994-FD924B2F46EE}.Release|Any CPU.Build.0 = Release|Any CPU
		{0D043839-7E3B-4E82-9994-FD924B2F46EE}.Release|x64.ActiveCfg = Release|Any CPU
		{0D043839-7E3B-4E82-9994-FD924B2F46EE}.Release|x64.Build.0 = Release|Any CPU
		{D61276A6-6918-4377-877A-E9CBCB7E1E6B}.Debug|Any CPU.ActiveCfg = Debug|Any CPU
		{D61276A6-6918-4377-877A-E9CBCB7E1E6B}.Debug|Any CPU.Build.0 = Debug|Any CPU
		{D61276A6-6918-4377-877A-E9CBCB7E1E6B}.Debug|x64.ActiveCfg = Debug|Any CPU
		{D61276A6-6918-4377-877A-E9CBCB7E1E6B}.Debug|x64.Build.0 = Debug|Any CPU
		{D61276A6-6918-4377-877A-E9CBCB7E1E6B}.Release|Any CPU.ActiveCfg = Release|Any CPU
		{D61276A6-6918-4377-877A-E9CBCB7E1E6B}.Release|Any CPU.Build.0 = Release|Any CPU
		{D61276A6-6918-4377-877A-E9CBCB7E1E6B}.Release|x64.ActiveCfg = Release|Any CPU
		{D61276A6-6918-4377-877A-E9CBCB7E1E6B}.Release|x64.Build.0 = Release|Any CPU
	EndGlobalSection
	GlobalSection(SolutionProperties) = preSolution
		HideSolutionNode = FALSE
	EndGlobalSection
	GlobalSection(ExtensibilityGlobals) = postSolution
		SolutionGuid = {948668E1-6E39-4320-8CFD-77F1E79180C7}
	EndGlobalSection
EndGlobal
