
Microsoft Visual Studio Solution File, Format Version 12.00
# Visual Studio Version 17
VisualStudioVersion = 17.2.32526.322
MinimumVisualStudioVersion = 10.0.40219.1
Project("{2150E333-8FDC-42A3-9474-1A3956D46DE8}") = "Solution Items", "Solution Items", "{7E7B5D1D-5E8C-428C-A5A7-6F568E874562}"
	ProjectSection(SolutionItems) = preProject
		.editorconfig = .editorconfig
	EndProjectSection
EndProject
Project("{2150E333-8FDC-42A3-9474-1A3956D46DE8}") = "Src", "Src", "{6CB66610-5A89-463C-804C-060E6CAEFE5B}"
EndProject
Project("{2150E333-8FDC-42A3-9474-1A3956D46DE8}") = "Test", "Test", "{0E575519-D001-4EB7-A961-1E50C836AB8F}"
EndProject
Project("{2150E333-8FDC-42A3-9474-1A3956D46DE8}") = "Docs", "Docs", "{351A4DDA-0B91-4082-85EA-C2E304D97024}"
EndProject
Project("{2150E333-8FDC-42A3-9474-1A3956D46DE8}") = "CorePackages", "CorePackages", "{88106234-079C-4AC9-8559-0B4CCDF0E099}"
EndProject
Project("{2150E333-8FDC-42A3-9474-1A3956D46DE8}") = "ProjectPackages", "ProjectPackages", "{8D7CCF90-9898-4A15-9295-75D1C44BA1DC}"
EndProject
Project("{2150E333-8FDC-42A3-9474-1A3956D46DE8}") = "ExternalPackages", "ExternalPackages", "{C1D10135-894B-4382-BCBE-B0A8F79FACC0}"
EndProject
Project("{2150E333-8FDC-42A3-9474-1A3956D46DE8}") = "Watcher", "Watcher", "{56C9B4B1-0500-463B-A572-3F24EB46CC13}"
EndProject
Project("{2150E333-8FDC-42A3-9474-1A3956D46DE8}") = "Actionist", "Actionist", "{D4585CBE-496F-4290-ADEB-B99E6A9EEE8E}"
EndProject
Project("{2150E333-8FDC-42A3-9474-1A3956D46DE8}") = "PRM", "PRM", "{138D69BB-DC31-4FDF-BD9C-8D8CDACA95A2}"
EndProject
Project("{2150E333-8FDC-42A3-9474-1A3956D46DE8}") = "Generator", "Generator", "{939BA041-0CB0-4D4C-A338-007BDB2018D0}"
EndProject
Project("{9A19103F-16F7-4668-BE54-9A1E7A4F7556}") = "LRMS.Generator.App", "Generator\LRMS.Generator.App\LRMS.Generator.App.csproj", "{77158011-51AE-498C-84A3-08A39AF931FF}"
EndProject
Project("{9A19103F-16F7-4668-BE54-9A1E7A4F7556}") = "Test.CLI", "Test\Test.CLI\Test.CLI.csproj", "{975A9B52-6795-4C43-9B3D-DCAF65B377CD}"
EndProject
Project("{2150E333-8FDC-42A3-9474-1A3956D46DE8}") = "Benchmark", "Benchmark", "{512970E4-51EA-465E-86B1-AABB7DCF18D8}"
EndProject
Project("{9A19103F-16F7-4668-BE54-9A1E7A4F7556}") = "LRMS.Test", "Test\LRMS.Test\LRMS.Test.csproj", "{AF7D899A-44DB-4DA4-A07D-0E56AD1D0FC6}"
EndProject
Project("{9A19103F-16F7-4668-BE54-9A1E7A4F7556}") = "Benchmark", "Benchmark\LRMS.Benchmark\Benchmark\Benchmark.csproj", "{7F679EAD-F83C-48AB-A385-953F8AEA2EB9}"
EndProject
Project("{9A19103F-16F7-4668-BE54-9A1E7A4F7556}") = "Core.Domain", "Src\CorePackages\Core.Domain\Core.Domain.csproj", "{B8460105-2EFC-4C38-BED6-839E5AE36FCE}"
EndProject
Project("{9A19103F-16F7-4668-BE54-9A1E7A4F7556}") = "Core.Persistence", "Src\CorePackages\Core.Persistence\Core.Persistence.csproj", "{DBAD7E7E-EB4E-4C7A-A5DE-01F14BEB8998}"
EndProject
Project("{9A19103F-16F7-4668-BE54-9A1E7A4F7556}") = "Core.Security", "Src\CorePackages\Core.Security\Core.Security.csproj", "{A60EB7AF-9613-4E8D-9612-D5DE0C5C2AAE}"
EndProject
Project("{9A19103F-16F7-4668-BE54-9A1E7A4F7556}") = "Domain", "Src\ProjectPackages\Domain\Domain.csproj", "{60AE5A3B-2FF3-4D6D-AA92-EA086DDCFBC9}"
EndProject
Project("{9A19103F-16F7-4668-BE54-9A1E7A4F7556}") = "Core.CrossCuttingConcerns", "Src\CorePackages\Core.CrossCuttingConcers\Core.CrossCuttingConcerns.csproj", "{35CFD73C-A97E-4F3B-804A-31092A07E177}"
EndProject
Project("{9A19103F-16F7-4668-BE54-9A1E7A4F7556}") = "Core.ElasticSearch", "Src\CorePackages\Core.ElasticSearch\Core.ElasticSearch.csproj", "{12D5FA45-6CC2-46EA-B561-581B2FE97A60}"
EndProject
Project("{9A19103F-16F7-4668-BE54-9A1E7A4F7556}") = "Core.Application", "Src\CorePackages\Core.Application\Core.Application.csproj", "{A1DE468E-B58B-45B6-BBDE-B79F8B4F48BB}"
EndProject
Project("{9A19103F-16F7-4668-BE54-9A1E7A4F7556}") = "Core.Mailing", "Src\CorePackages\Core.Mailing\Core.Mailing.csproj", "{C4C875CE-66BA-460C-B53E-F7E1A6F1A2E9}"
EndProject
Project("{9A19103F-16F7-4668-BE54-9A1E7A4F7556}") = "Core.Test", "Src\CorePackages\Core.Test\Core.Test.csproj", "{165AE45F-3926-4046-B7FD-A2EFC2C5BB76}"
EndProject
Project("{9A19103F-16F7-4668-BE54-9A1E7A4F7556}") = "Application", "Src\ProjectPackages\Application\Application.csproj", "{8DCDB046-D494-43DD-A694-2907305577CF}"
EndProject
Project("{9A19103F-16F7-4668-BE54-9A1E7A4F7556}") = "Infrastructure", "Src\ProjectPackages\Infrastructure\Infrastructure.csproj", "{00AA0715-782B-4A31-BCA1-586522C9EF05}"
EndProject
Project("{9A19103F-16F7-4668-BE54-9A1E7A4F7556}") = "Persistence", "Src\ProjectPackages\Persistence\Persistence.csproj", "{6D1D7151-BCA6-479D-9E28-43D0EA27FF84}"
EndProject
Project("{9A19103F-16F7-4668-BE54-9A1E7A4F7556}") = "WebAPI", "Src\ProjectPackages\WebAPI\WebAPI.csproj", "{7D80908C-F23D-43CB-B9DA-8436D8844AF5}"
EndProject
Global
	GlobalSection(SolutionConfigurationPlatforms) = preSolution
		Debug|Any CPU = Debug|Any CPU
		Debug|x64 = Debug|x64
		Release|Any CPU = Release|Any CPU
		Release|x64 = Release|x64
	EndGlobalSection
	GlobalSection(ProjectConfigurationPlatforms) = postSolution
		{77158011-51AE-498C-84A3-08A39AF931FF}.Debug|Any CPU.ActiveCfg = Debug|Any CPU
		{77158011-51AE-498C-84A3-08A39AF931FF}.Debug|Any CPU.Build.0 = Debug|Any CPU
		{77158011-51AE-498C-84A3-08A39AF931FF}.Debug|x64.ActiveCfg = Debug|Any CPU
		{77158011-51AE-498C-84A3-08A39AF931FF}.Debug|x64.Build.0 = Debug|Any CPU
		{77158011-51AE-498C-84A3-08A39AF931FF}.Release|Any CPU.ActiveCfg = Release|Any CPU
		{77158011-51AE-498C-84A3-08A39AF931FF}.Release|Any CPU.Build.0 = Release|Any CPU
		{77158011-51AE-498C-84A3-08A39AF931FF}.Release|x64.ActiveCfg = Release|Any CPU
		{77158011-51AE-498C-84A3-08A39AF931FF}.Release|x64.Build.0 = Release|Any CPU
		{975A9B52-6795-4C43-9B3D-DCAF65B377CD}.Debug|Any CPU.ActiveCfg = Debug|Any CPU
		{975A9B52-6795-4C43-9B3D-DCAF65B377CD}.Debug|Any CPU.Build.0 = Debug|Any CPU
		{975A9B52-6795-4C43-9B3D-DCAF65B377CD}.Debug|x64.ActiveCfg = Debug|Any CPU
		{975A9B52-6795-4C43-9B3D-DCAF65B377CD}.Debug|x64.Build.0 = Debug|Any CPU
		{975A9B52-6795-4C43-9B3D-DCAF65B377CD}.Release|Any CPU.ActiveCfg = Release|Any CPU
		{975A9B52-6795-4C43-9B3D-DCAF65B377CD}.Release|Any CPU.Build.0 = Release|Any CPU
		{975A9B52-6795-4C43-9B3D-DCAF65B377CD}.Release|x64.ActiveCfg = Release|Any CPU
		{975A9B52-6795-4C43-9B3D-DCAF65B377CD}.Release|x64.Build.0 = Release|Any CPU
		{AF7D899A-44DB-4DA4-A07D-0E56AD1D0FC6}.Debug|Any CPU.ActiveCfg = Debug|Any CPU
		{AF7D899A-44DB-4DA4-A07D-0E56AD1D0FC6}.Debug|Any CPU.Build.0 = Debug|Any CPU
		{AF7D899A-44DB-4DA4-A07D-0E56AD1D0FC6}.Debug|x64.ActiveCfg = Debug|Any CPU
		{AF7D899A-44DB-4DA4-A07D-0E56AD1D0FC6}.Debug|x64.Build.0 = Debug|Any CPU
		{AF7D899A-44DB-4DA4-A07D-0E56AD1D0FC6}.Release|Any CPU.ActiveCfg = Release|Any CPU
		{AF7D899A-44DB-4DA4-A07D-0E56AD1D0FC6}.Release|Any CPU.Build.0 = Release|Any CPU
		{AF7D899A-44DB-4DA4-A07D-0E56AD1D0FC6}.Release|x64.ActiveCfg = Release|Any CPU
		{AF7D899A-44DB-4DA4-A07D-0E56AD1D0FC6}.Release|x64.Build.0 = Release|Any CPU
		{7F679EAD-F83C-48AB-A385-953F8AEA2EB9}.Debug|Any CPU.ActiveCfg = Debug|Any CPU
		{7F679EAD-F83C-48AB-A385-953F8AEA2EB9}.Debug|Any CPU.Build.0 = Debug|Any CPU
		{7F679EAD-F83C-48AB-A385-953F8AEA2EB9}.Debug|x64.ActiveCfg = Debug|Any CPU
		{7F679EAD-F83C-48AB-A385-953F8AEA2EB9}.Debug|x64.Build.0 = Debug|Any CPU
		{7F679EAD-F83C-48AB-A385-953F8AEA2EB9}.Release|Any CPU.ActiveCfg = Release|Any CPU
		{7F679EAD-F83C-48AB-A385-953F8AEA2EB9}.Release|Any CPU.Build.0 = Release|Any CPU
		{7F679EAD-F83C-48AB-A385-953F8AEA2EB9}.Release|x64.ActiveCfg = Release|Any CPU
		{7F679EAD-F83C-48AB-A385-953F8AEA2EB9}.Release|x64.Build.0 = Release|Any CPU
		{B8460105-2EFC-4C38-BED6-839E5AE36FCE}.Debug|Any CPU.ActiveCfg = Debug|Any CPU
		{B8460105-2EFC-4C38-BED6-839E5AE36FCE}.Debug|Any CPU.Build.0 = Debug|Any CPU
		{B8460105-2EFC-4C38-BED6-839E5AE36FCE}.Debug|x64.ActiveCfg = Debug|Any CPU
		{B8460105-2EFC-4C38-BED6-839E5AE36FCE}.Debug|x64.Build.0 = Debug|Any CPU
		{B8460105-2EFC-4C38-BED6-839E5AE36FCE}.Release|Any CPU.ActiveCfg = Release|Any CPU
		{B8460105-2EFC-4C38-BED6-839E5AE36FCE}.Release|Any CPU.Build.0 = Release|Any CPU
		{B8460105-2EFC-4C38-BED6-839E5AE36FCE}.Release|x64.ActiveCfg = Release|Any CPU
		{B8460105-2EFC-4C38-BED6-839E5AE36FCE}.Release|x64.Build.0 = Release|Any CPU
		{DBAD7E7E-EB4E-4C7A-A5DE-01F14BEB8998}.Debug|Any CPU.ActiveCfg = Debug|Any CPU
		{DBAD7E7E-EB4E-4C7A-A5DE-01F14BEB8998}.Debug|Any CPU.Build.0 = Debug|Any CPU
		{DBAD7E7E-EB4E-4C7A-A5DE-01F14BEB8998}.Debug|x64.ActiveCfg = Debug|Any CPU
		{DBAD7E7E-EB4E-4C7A-A5DE-01F14BEB8998}.Debug|x64.Build.0 = Debug|Any CPU
		{DBAD7E7E-EB4E-4C7A-A5DE-01F14BEB8998}.Release|Any CPU.ActiveCfg = Release|Any CPU
		{DBAD7E7E-EB4E-4C7A-A5DE-01F14BEB8998}.Release|Any CPU.Build.0 = Release|Any CPU
		{DBAD7E7E-EB4E-4C7A-A5DE-01F14BEB8998}.Release|x64.ActiveCfg = Release|Any CPU
		{DBAD7E7E-EB4E-4C7A-A5DE-01F14BEB8998}.Release|x64.Build.0 = Release|Any CPU
		{A60EB7AF-9613-4E8D-9612-D5DE0C5C2AAE}.Debug|Any CPU.ActiveCfg = Debug|Any CPU
		{A60EB7AF-9613-4E8D-9612-D5DE0C5C2AAE}.Debug|Any CPU.Build.0 = Debug|Any CPU
		{A60EB7AF-9613-4E8D-9612-D5DE0C5C2AAE}.Debug|x64.ActiveCfg = Debug|Any CPU
		{A60EB7AF-9613-4E8D-9612-D5DE0C5C2AAE}.Debug|x64.Build.0 = Debug|Any CPU
		{A60EB7AF-9613-4E8D-9612-D5DE0C5C2AAE}.Release|Any CPU.ActiveCfg = Release|Any CPU
		{A60EB7AF-9613-4E8D-9612-D5DE0C5C2AAE}.Release|Any CPU.Build.0 = Release|Any CPU
		{A60EB7AF-9613-4E8D-9612-D5DE0C5C2AAE}.Release|x64.ActiveCfg = Release|Any CPU
		{A60EB7AF-9613-4E8D-9612-D5DE0C5C2AAE}.Release|x64.Build.0 = Release|Any CPU
		{60AE5A3B-2FF3-4D6D-AA92-EA086DDCFBC9}.Debug|Any CPU.ActiveCfg = Debug|Any CPU
		{60AE5A3B-2FF3-4D6D-AA92-EA086DDCFBC9}.Debug|Any CPU.Build.0 = Debug|Any CPU
		{60AE5A3B-2FF3-4D6D-AA92-EA086DDCFBC9}.Debug|x64.ActiveCfg = Debug|Any CPU
		{60AE5A3B-2FF3-4D6D-AA92-EA086DDCFBC9}.Debug|x64.Build.0 = Debug|Any CPU
		{60AE5A3B-2FF3-4D6D-AA92-EA086DDCFBC9}.Release|Any CPU.ActiveCfg = Release|Any CPU
		{60AE5A3B-2FF3-4D6D-AA92-EA086DDCFBC9}.Release|Any CPU.Build.0 = Release|Any CPU
		{60AE5A3B-2FF3-4D6D-AA92-EA086DDCFBC9}.Release|x64.ActiveCfg = Release|Any CPU
		{60AE5A3B-2FF3-4D6D-AA92-EA086DDCFBC9}.Release|x64.Build.0 = Release|Any CPU
		{35CFD73C-A97E-4F3B-804A-31092A07E177}.Debug|Any CPU.ActiveCfg = Debug|Any CPU
		{35CFD73C-A97E-4F3B-804A-31092A07E177}.Debug|Any CPU.Build.0 = Debug|Any CPU
		{35CFD73C-A97E-4F3B-804A-31092A07E177}.Debug|x64.ActiveCfg = Debug|Any CPU
		{35CFD73C-A97E-4F3B-804A-31092A07E177}.Debug|x64.Build.0 = Debug|Any CPU
		{35CFD73C-A97E-4F3B-804A-31092A07E177}.Release|Any CPU.ActiveCfg = Release|Any CPU
		{35CFD73C-A97E-4F3B-804A-31092A07E177}.Release|Any CPU.Build.0 = Release|Any CPU
		{35CFD73C-A97E-4F3B-804A-31092A07E177}.Release|x64.ActiveCfg = Release|Any CPU
		{35CFD73C-A97E-4F3B-804A-31092A07E177}.Release|x64.Build.0 = Release|Any CPU
		{12D5FA45-6CC2-46EA-B561-581B2FE97A60}.Debug|Any CPU.ActiveCfg = Debug|Any CPU
		{12D5FA45-6CC2-46EA-B561-581B2FE97A60}.Debug|Any CPU.Build.0 = Debug|Any CPU
		{12D5FA45-6CC2-46EA-B561-581B2FE97A60}.Debug|x64.ActiveCfg = Debug|Any CPU
		{12D5FA45-6CC2-46EA-B561-581B2FE97A60}.Debug|x64.Build.0 = Debug|Any CPU
		{12D5FA45-6CC2-46EA-B561-581B2FE97A60}.Release|Any CPU.ActiveCfg = Release|Any CPU
		{12D5FA45-6CC2-46EA-B561-581B2FE97A60}.Release|Any CPU.Build.0 = Release|Any CPU
		{12D5FA45-6CC2-46EA-B561-581B2FE97A60}.Release|x64.ActiveCfg = Release|Any CPU
		{12D5FA45-6CC2-46EA-B561-581B2FE97A60}.Release|x64.Build.0 = Release|Any CPU
		{A1DE468E-B58B-45B6-BBDE-B79F8B4F48BB}.Debug|Any CPU.ActiveCfg = Debug|Any CPU
		{A1DE468E-B58B-45B6-BBDE-B79F8B4F48BB}.Debug|Any CPU.Build.0 = Debug|Any CPU
		{A1DE468E-B58B-45B6-BBDE-B79F8B4F48BB}.Debug|x64.ActiveCfg = Debug|Any CPU
		{A1DE468E-B58B-45B6-BBDE-B79F8B4F48BB}.Debug|x64.Build.0 = Debug|Any CPU
		{A1DE468E-B58B-45B6-BBDE-B79F8B4F48BB}.Release|Any CPU.ActiveCfg = Release|Any CPU
		{A1DE468E-B58B-45B6-BBDE-B79F8B4F48BB}.Release|Any CPU.Build.0 = Release|Any CPU
		{A1DE468E-B58B-45B6-BBDE-B79F8B4F48BB}.Release|x64.ActiveCfg = Release|Any CPU
		{A1DE468E-B58B-45B6-BBDE-B79F8B4F48BB}.Release|x64.Build.0 = Release|Any CPU
		{C4C875CE-66BA-460C-B53E-F7E1A6F1A2E9}.Debug|Any CPU.ActiveCfg = Debug|Any CPU
		{C4C875CE-66BA-460C-B53E-F7E1A6F1A2E9}.Debug|Any CPU.Build.0 = Debug|Any CPU
		{C4C875CE-66BA-460C-B53E-F7E1A6F1A2E9}.Debug|x64.ActiveCfg = Debug|Any CPU
		{C4C875CE-66BA-460C-B53E-F7E1A6F1A2E9}.Debug|x64.Build.0 = Debug|Any CPU
		{C4C875CE-66BA-460C-B53E-F7E1A6F1A2E9}.Release|Any CPU.ActiveCfg = Release|Any CPU
		{C4C875CE-66BA-460C-B53E-F7E1A6F1A2E9}.Release|Any CPU.Build.0 = Release|Any CPU
		{C4C875CE-66BA-460C-B53E-F7E1A6F1A2E9}.Release|x64.ActiveCfg = Release|Any CPU
		{C4C875CE-66BA-460C-B53E-F7E1A6F1A2E9}.Release|x64.Build.0 = Release|Any CPU
		{165AE45F-3926-4046-B7FD-A2EFC2C5BB76}.Debug|Any CPU.ActiveCfg = Debug|Any CPU
		{165AE45F-3926-4046-B7FD-A2EFC2C5BB76}.Debug|Any CPU.Build.0 = Debug|Any CPU
		{165AE45F-3926-4046-B7FD-A2EFC2C5BB76}.Debug|x64.ActiveCfg = Debug|Any CPU
		{165AE45F-3926-4046-B7FD-A2EFC2C5BB76}.Debug|x64.Build.0 = Debug|Any CPU
		{165AE45F-3926-4046-B7FD-A2EFC2C5BB76}.Release|Any CPU.ActiveCfg = Release|Any CPU
		{165AE45F-3926-4046-B7FD-A2EFC2C5BB76}.Release|Any CPU.Build.0 = Release|Any CPU
		{165AE45F-3926-4046-B7FD-A2EFC2C5BB76}.Release|x64.ActiveCfg = Release|Any CPU
		{165AE45F-3926-4046-B7FD-A2EFC2C5BB76}.Release|x64.Build.0 = Release|Any CPU
		{8DCDB046-D494-43DD-A694-2907305577CF}.Debug|Any CPU.ActiveCfg = Debug|Any CPU
		{8DCDB046-D494-43DD-A694-2907305577CF}.Debug|Any CPU.Build.0 = Debug|Any CPU
		{8DCDB046-D494-43DD-A694-2907305577CF}.Debug|x64.ActiveCfg = Debug|Any CPU
		{8DCDB046-D494-43DD-A694-2907305577CF}.Debug|x64.Build.0 = Debug|Any CPU
		{8DCDB046-D494-43DD-A694-2907305577CF}.Release|Any CPU.ActiveCfg = Release|Any CPU
		{8DCDB046-D494-43DD-A694-2907305577CF}.Release|Any CPU.Build.0 = Release|Any CPU
		{8DCDB046-D494-43DD-A694-2907305577CF}.Release|x64.ActiveCfg = Release|Any CPU
		{8DCDB046-D494-43DD-A694-2907305577CF}.Release|x64.Build.0 = Release|Any CPU
		{00AA0715-782B-4A31-BCA1-586522C9EF05}.Debug|Any CPU.ActiveCfg = Debug|Any CPU
		{00AA0715-782B-4A31-BCA1-586522C9EF05}.Debug|Any CPU.Build.0 = Debug|Any CPU
		{00AA0715-782B-4A31-BCA1-586522C9EF05}.Debug|x64.ActiveCfg = Debug|Any CPU
		{00AA0715-782B-4A31-BCA1-586522C9EF05}.Debug|x64.Build.0 = Debug|Any CPU
		{00AA0715-782B-4A31-BCA1-586522C9EF05}.Release|Any CPU.ActiveCfg = Release|Any CPU
		{00AA0715-782B-4A31-BCA1-586522C9EF05}.Release|Any CPU.Build.0 = Release|Any CPU
		{00AA0715-782B-4A31-BCA1-586522C9EF05}.Release|x64.ActiveCfg = Release|Any CPU
		{00AA0715-782B-4A31-BCA1-586522C9EF05}.Release|x64.Build.0 = Release|Any CPU
		{6D1D7151-BCA6-479D-9E28-43D0EA27FF84}.Debug|Any CPU.ActiveCfg = Debug|Any CPU
		{6D1D7151-BCA6-479D-9E28-43D0EA27FF84}.Debug|Any CPU.Build.0 = Debug|Any CPU
		{6D1D7151-BCA6-479D-9E28-43D0EA27FF84}.Debug|x64.ActiveCfg = Debug|Any CPU
		{6D1D7151-BCA6-479D-9E28-43D0EA27FF84}.Debug|x64.Build.0 = Debug|Any CPU
		{6D1D7151-BCA6-479D-9E28-43D0EA27FF84}.Release|Any CPU.ActiveCfg = Release|Any CPU
		{6D1D7151-BCA6-479D-9E28-43D0EA27FF84}.Release|Any CPU.Build.0 = Release|Any CPU
		{6D1D7151-BCA6-479D-9E28-43D0EA27FF84}.Release|x64.ActiveCfg = Release|Any CPU
		{6D1D7151-BCA6-479D-9E28-43D0EA27FF84}.Release|x64.Build.0 = Release|Any CPU
		{7D80908C-F23D-43CB-B9DA-8436D8844AF5}.Debug|Any CPU.ActiveCfg = Debug|Any CPU
		{7D80908C-F23D-43CB-B9DA-8436D8844AF5}.Debug|Any CPU.Build.0 = Debug|Any CPU
		{7D80908C-F23D-43CB-B9DA-8436D8844AF5}.Debug|x64.ActiveCfg = Debug|Any CPU
		{7D80908C-F23D-43CB-B9DA-8436D8844AF5}.Debug|x64.Build.0 = Debug|Any CPU
		{7D80908C-F23D-43CB-B9DA-8436D8844AF5}.Release|Any CPU.ActiveCfg = Release|Any CPU
		{7D80908C-F23D-43CB-B9DA-8436D8844AF5}.Release|Any CPU.Build.0 = Release|Any CPU
		{7D80908C-F23D-43CB-B9DA-8436D8844AF5}.Release|x64.ActiveCfg = Release|Any CPU
		{7D80908C-F23D-43CB-B9DA-8436D8844AF5}.Release|x64.Build.0 = Release|Any CPU
	EndGlobalSection
	GlobalSection(SolutionProperties) = preSolution
		HideSolutionNode = FALSE
	EndGlobalSection
	GlobalSection(NestedProjects) = preSolution
		{88106234-079C-4AC9-8559-0B4CCDF0E099} = {6CB66610-5A89-463C-804C-060E6CAEFE5B}
		{8D7CCF90-9898-4A15-9295-75D1C44BA1DC} = {6CB66610-5A89-463C-804C-060E6CAEFE5B}
		{C1D10135-894B-4382-BCBE-B0A8F79FACC0} = {6CB66610-5A89-463C-804C-060E6CAEFE5B}
		{56C9B4B1-0500-463B-A572-3F24EB46CC13} = {C1D10135-894B-4382-BCBE-B0A8F79FACC0}
		{D4585CBE-496F-4290-ADEB-B99E6A9EEE8E} = {C1D10135-894B-4382-BCBE-B0A8F79FACC0}
		{138D69BB-DC31-4FDF-BD9C-8D8CDACA95A2} = {C1D10135-894B-4382-BCBE-B0A8F79FACC0}
		{77158011-51AE-498C-84A3-08A39AF931FF} = {939BA041-0CB0-4D4C-A338-007BDB2018D0}
		{975A9B52-6795-4C43-9B3D-DCAF65B377CD} = {0E575519-D001-4EB7-A961-1E50C836AB8F}
		{AF7D899A-44DB-4DA4-A07D-0E56AD1D0FC6} = {0E575519-D001-4EB7-A961-1E50C836AB8F}
		{7F679EAD-F83C-48AB-A385-953F8AEA2EB9} = {512970E4-51EA-465E-86B1-AABB7DCF18D8}
		{B8460105-2EFC-4C38-BED6-839E5AE36FCE} = {88106234-079C-4AC9-8559-0B4CCDF0E099}
		{DBAD7E7E-EB4E-4C7A-A5DE-01F14BEB8998} = {88106234-079C-4AC9-8559-0B4CCDF0E099}
		{A60EB7AF-9613-4E8D-9612-D5DE0C5C2AAE} = {88106234-079C-4AC9-8559-0B4CCDF0E099}
		{60AE5A3B-2FF3-4D6D-AA92-EA086DDCFBC9} = {8D7CCF90-9898-4A15-9295-75D1C44BA1DC}
		{35CFD73C-A97E-4F3B-804A-31092A07E177} = {88106234-079C-4AC9-8559-0B4CCDF0E099}
		{12D5FA45-6CC2-46EA-B561-581B2FE97A60} = {88106234-079C-4AC9-8559-0B4CCDF0E099}
		{A1DE468E-B58B-45B6-BBDE-B79F8B4F48BB} = {88106234-079C-4AC9-8559-0B4CCDF0E099}
		{C4C875CE-66BA-460C-B53E-F7E1A6F1A2E9} = {88106234-079C-4AC9-8559-0B4CCDF0E099}
		{165AE45F-3926-4046-B7FD-A2EFC2C5BB76} = {88106234-079C-4AC9-8559-0B4CCDF0E099}
		{8DCDB046-D494-43DD-A694-2907305577CF} = {8D7CCF90-9898-4A15-9295-75D1C44BA1DC}
		{00AA0715-782B-4A31-BCA1-586522C9EF05} = {8D7CCF90-9898-4A15-9295-75D1C44BA1DC}
		{6D1D7151-BCA6-479D-9E28-43D0EA27FF84} = {8D7CCF90-9898-4A15-9295-75D1C44BA1DC}
		{7D80908C-F23D-43CB-B9DA-8436D8844AF5} = {8D7CCF90-9898-4A15-9295-75D1C44BA1DC}
	EndGlobalSection
	GlobalSection(ExtensibilityGlobals) = postSolution
		SolutionGuid = {948668E1-6E39-4320-8CFD-77F1E79180C7}
	EndGlobalSection
EndGlobal
